
Microsoft Visual Studio Solution File, Format Version 12.00
# Visual Studio Version 17
VisualStudioVersion = 17.6.33829.357
MinimumVisualStudioVersion = 10.0.40219.1
Project("{FAE04EC0-301F-11D3-BF4B-00C04F79EFBC}") = "HelloWorld", "HelloWorld\HelloWorld.csproj", "{7CB94812-C4A3-495E-81A6-4F17304F1BB9}"
EndProject
Global
	GlobalSection(SolutionConfigurationPlatforms) = preSolution
		Debug|Any CPU = Debug|Any CPU
		Release|Any CPU = Release|Any CPU
	EndGlobalSection
	GlobalSection(ProjectConfigurationPlatforms) = postSolution
		{7CB94812-C4A3-495E-81A6-4F17304F1BB9}.Debug|Any CPU.ActiveCfg = Debug|Any CPU
		{7CB94812-C4A3-495E-81A6-4F17304F1BB9}.Debug|Any CPU.Build.0 = Debug|Any CPU
		{7CB94812-C4A3-495E-81A6-4F17304F1BB9}.Release|Any CPU.ActiveCfg = Release|Any CPU
		{7CB94812-C4A3-495E-81A6-4F17304F1BB9}.Release|Any CPU.Build.0 = Release|Any CPU
	EndGlobalSection
	GlobalSection(SolutionProperties) = preSolution
		HideSolutionNode = FALSE
	EndGlobalSection
	GlobalSection(ExtensibilityGlobals) = postSolution
		SolutionGuid = {8FF86845-1BC4-444B-9F3C-A138BCC9C3C6}
	EndGlobalSection
EndGlobal
